
Microsoft Visual Studio Solution File, Format Version 12.00
# Visual Studio Version 17
VisualStudioVersion = 17.4.33403.182
MinimumVisualStudioVersion = 10.0.40219.1
Project("{8BC9CEB8-8B4A-11D0-8D11-00A0C91BC942}") = "Pattern_lab6", "Pattern_lab6\Pattern_lab6.vcxproj", "{EBED3E6F-AF08-4BAA-90D1-4D603D454D13}"
EndProject
Project("{8BC9CEB8-8B4A-11D0-8D11-00A0C91BC942}") = "Pattern_UnitTest", "Pattern_UnitTest\Pattern_UnitTest.vcxproj", "{BAD772FE-F9AB-4777-AAF7-4647ED0617C3}"
EndProject
Global
	GlobalSection(SolutionConfigurationPlatforms) = preSolution
		Debug|x64 = Debug|x64
		Debug|x86 = Debug|x86
		Release|x64 = Release|x64
		Release|x86 = Release|x86
	EndGlobalSection
	GlobalSection(ProjectConfigurationPlatforms) = postSolution
		{EBED3E6F-AF08-4BAA-90D1-4D603D454D13}.Debug|x64.ActiveCfg = Debug|x64
		{EBED3E6F-AF08-4BAA-90D1-4D603D454D13}.Debug|x64.Build.0 = Debug|x64
		{EBED3E6F-AF08-4BAA-90D1-4D603D454D13}.Debug|x86.ActiveCfg = Debug|Win32
		{EBED3E6F-AF08-4BAA-90D1-4D603D454D13}.Debug|x86.Build.0 = Debug|Win32
		{EBED3E6F-AF08-4BAA-90D1-4D603D454D13}.Release|x64.ActiveCfg = Release|x64
		{EBED3E6F-AF08-4BAA-90D1-4D603D454D13}.Release|x64.Build.0 = Release|x64
		{EBED3E6F-AF08-4BAA-90D1-4D603D454D13}.Release|x86.ActiveCfg = Release|Win32
		{EBED3E6F-AF08-4BAA-90D1-4D603D454D13}.Release|x86.Build.0 = Release|Win32
		{BAD772FE-F9AB-4777-AAF7-4647ED0617C3}.Debug|x64.ActiveCfg = Debug|x64
		{BAD772FE-F9AB-4777-AAF7-4647ED0617C3}.Debug|x64.Build.0 = Debug|x64
		{BAD772FE-F9AB-4777-AAF7-4647ED0617C3}.Debug|x86.ActiveCfg = Debug|Win32
		{BAD772FE-F9AB-4777-AAF7-4647ED0617C3}.Debug|x86.Build.0 = Debug|Win32
		{BAD772FE-F9AB-4777-AAF7-4647ED0617C3}.Release|x64.ActiveCfg = Release|x64
		{BAD772FE-F9AB-4777-AAF7-4647ED0617C3}.Release|x64.Build.0 = Release|x64
		{BAD772FE-F9AB-4777-AAF7-4647ED0617C3}.Release|x86.ActiveCfg = Release|Win32
		{BAD772FE-F9AB-4777-AAF7-4647ED0617C3}.Release|x86.Build.0 = Release|Win32
	EndGlobalSection
	GlobalSection(SolutionProperties) = preSolution
		HideSolutionNode = FALSE
	EndGlobalSection
	GlobalSection(ExtensibilityGlobals) = postSolution
		SolutionGuid = {0D10B94F-BE3F-426F-8FA8-DB3E3A624AEC}
	EndGlobalSection
EndGlobal
